// !$*UTF8*$!
{
	archiveVersion = 1;
	classes = {
	};
	objectVersion = 46;
	objects = {

/* Begin PBXBuildFile section */
		3F1D9FAD1641280600872CC5 /* PhotoViewController.m in Sources */ = {isa = PBXBuildFile; fileRef = 3F1D9FAA1641280600872CC5 /* PhotoViewController.m */; };
		3F1D9FAE1641280600872CC5 /* MoodViewController.m in Sources */ = {isa = PBXBuildFile; fileRef = 3F1D9FAC1641280600872CC5 /* MoodViewController.m */; };
		3F1E32A4164943FD0070B5F2 /* EnvironmentTrackerModel.m in Sources */ = {isa = PBXBuildFile; fileRef = 3F1E32A3164943FD0070B5F2 /* EnvironmentTrackerModel.m */; };
		3F1E32AC164950630070B5F2 /* StartViewController.m in Sources */ = {isa = PBXBuildFile; fileRef = 3F1E32AB164950630070B5F2 /* StartViewController.m */; };
		3F28FF17164270D70014C554 /* EnvironmentTrackerDataModel.xcdatamodeld in Sources */ = {isa = PBXBuildFile; fileRef = 3F28FF15164270D70014C554 /* EnvironmentTrackerDataModel.xcdatamodeld */; };
		3F4E2F56164125BD00A61593 /* UIKit.framework in Frameworks */ = {isa = PBXBuildFile; fileRef = 3F4E2F55164125BD00A61593 /* UIKit.framework */; };
		3F4E2F58164125BD00A61593 /* Foundation.framework in Frameworks */ = {isa = PBXBuildFile; fileRef = 3F4E2F57164125BD00A61593 /* Foundation.framework */; };
		3F4E2F5A164125BD00A61593 /* CoreGraphics.framework in Frameworks */ = {isa = PBXBuildFile; fileRef = 3F4E2F59164125BD00A61593 /* CoreGraphics.framework */; };
		3F4E2F60164125BD00A61593 /* InfoPlist.strings in Resources */ = {isa = PBXBuildFile; fileRef = 3F4E2F5E164125BD00A61593 /* InfoPlist.strings */; };
		3F4E2F62164125BD00A61593 /* main.m in Sources */ = {isa = PBXBuildFile; fileRef = 3F4E2F61164125BD00A61593 /* main.m */; };
		3F4E2F66164125BD00A61593 /* EnvironmentTrackerAppDelegate.m in Sources */ = {isa = PBXBuildFile; fileRef = 3F4E2F65164125BD00A61593 /* EnvironmentTrackerAppDelegate.m */; };
		3F4E2F68164125BD00A61593 /* Default.png in Resources */ = {isa = PBXBuildFile; fileRef = 3F4E2F67164125BD00A61593 /* Default.png */; };
		3F4E2F6A164125BD00A61593 /* Default@2x.png in Resources */ = {isa = PBXBuildFile; fileRef = 3F4E2F69164125BD00A61593 /* Default@2x.png */; };
		3F4E2F6C164125BD00A61593 /* Default-568h@2x.png in Resources */ = {isa = PBXBuildFile; fileRef = 3F4E2F6B164125BD00A61593 /* Default-568h@2x.png */; };
		3F4E2F6F164125BD00A61593 /* MainStoryboard.storyboard in Resources */ = {isa = PBXBuildFile; fileRef = 3F4E2F6D164125BD00A61593 /* MainStoryboard.storyboard */; };
		3F56E0D4165CF88400C23C3C /* Observation.m in Sources */ = {isa = PBXBuildFile; fileRef = 3F56E0D3165CF88400C23C3C /* Observation.m */; };
		3F8AFA01165287DE00F693DF /* ResultsViewController.m in Sources */ = {isa = PBXBuildFile; fileRef = 3F8AFA00165287DE00F693DF /* ResultsViewController.m */; };
		3F933AD516415F4F0077A72B /* AudioViewController.m in Sources */ = {isa = PBXBuildFile; fileRef = 3F933AD416415F4F0077A72B /* AudioViewController.m */; };
		3FB3143E164ABAD4003720D2 /* CoreData.framework in Frameworks */ = {isa = PBXBuildFile; fileRef = 3FB3143D164ABAD4003720D2 /* CoreData.framework */; };
		3FD6B19416418EAC0065B9CB /* AVFoundation.framework in Frameworks */ = {isa = PBXBuildFile; fileRef = 3FD6B19316418EAC0065B9CB /* AVFoundation.framework */; };
/* End PBXBuildFile section */

/* Begin PBXFileReference section */
		3F1D9FA91641280600872CC5 /* PhotoViewController.h */ = {isa = PBXFileReference; fileEncoding = 4; lastKnownFileType = sourcecode.c.h; path = PhotoViewController.h; sourceTree = "<group>"; };
		3F1D9FAA1641280600872CC5 /* PhotoViewController.m */ = {isa = PBXFileReference; fileEncoding = 4; lastKnownFileType = sourcecode.c.objc; path = PhotoViewController.m; sourceTree = "<group>"; };
		3F1D9FAB1641280600872CC5 /* MoodViewController.h */ = {isa = PBXFileReference; fileEncoding = 4; lastKnownFileType = sourcecode.c.h; path = MoodViewController.h; sourceTree = "<group>"; };
		3F1D9FAC1641280600872CC5 /* MoodViewController.m */ = {isa = PBXFileReference; fileEncoding = 4; lastKnownFileType = sourcecode.c.objc; path = MoodViewController.m; sourceTree = "<group>"; };
		3F1E32A2164943FD0070B5F2 /* EnvironmentTrackerModel.h */ = {isa = PBXFileReference; fileEncoding = 4; lastKnownFileType = sourcecode.c.h; path = EnvironmentTrackerModel.h; sourceTree = "<group>"; };
		3F1E32A3164943FD0070B5F2 /* EnvironmentTrackerModel.m */ = {isa = PBXFileReference; fileEncoding = 4; lastKnownFileType = sourcecode.c.objc; path = EnvironmentTrackerModel.m; sourceTree = "<group>"; };
		3F1E32AA164950630070B5F2 /* StartViewController.h */ = {isa = PBXFileReference; fileEncoding = 4; lastKnownFileType = sourcecode.c.h; path = StartViewController.h; sourceTree = "<group>"; };
		3F1E32AB164950630070B5F2 /* StartViewController.m */ = {isa = PBXFileReference; fileEncoding = 4; lastKnownFileType = sourcecode.c.objc; path = StartViewController.m; sourceTree = "<group>"; };
		3F28FF16164270D70014C554 /* EnvironmentTrackerDataModel.xcdatamodel */ = {isa = PBXFileReference; lastKnownFileType = wrapper.xcdatamodel; path = EnvironmentTrackerDataModel.xcdatamodel; sourceTree = "<group>"; };
		3F4E2F51164125BD00A61593 /* EnvironmentTracker.app */ = {isa = PBXFileReference; explicitFileType = wrapper.application; includeInIndex = 0; path = EnvironmentTracker.app; sourceTree = BUILT_PRODUCTS_DIR; };
		3F4E2F55164125BD00A61593 /* UIKit.framework */ = {isa = PBXFileReference; lastKnownFileType = wrapper.framework; name = UIKit.framework; path = System/Library/Frameworks/UIKit.framework; sourceTree = SDKROOT; };
		3F4E2F57164125BD00A61593 /* Foundation.framework */ = {isa = PBXFileReference; lastKnownFileType = wrapper.framework; name = Foundation.framework; path = System/Library/Frameworks/Foundation.framework; sourceTree = SDKROOT; };
		3F4E2F59164125BD00A61593 /* CoreGraphics.framework */ = {isa = PBXFileReference; lastKnownFileType = wrapper.framework; name = CoreGraphics.framework; path = System/Library/Frameworks/CoreGraphics.framework; sourceTree = SDKROOT; };
		3F4E2F5D164125BD00A61593 /* EnvironmentTracker-Info.plist */ = {isa = PBXFileReference; lastKnownFileType = text.plist.xml; path = "EnvironmentTracker-Info.plist"; sourceTree = "<group>"; };
		3F4E2F5F164125BD00A61593 /* en */ = {isa = PBXFileReference; lastKnownFileType = text.plist.strings; name = en; path = en.lproj/InfoPlist.strings; sourceTree = "<group>"; };
		3F4E2F61164125BD00A61593 /* main.m */ = {isa = PBXFileReference; lastKnownFileType = sourcecode.c.objc; path = main.m; sourceTree = "<group>"; };
		3F4E2F63164125BD00A61593 /* EnvironmentTracker-Prefix.pch */ = {isa = PBXFileReference; lastKnownFileType = sourcecode.c.h; path = "EnvironmentTracker-Prefix.pch"; sourceTree = "<group>"; };
		3F4E2F64164125BD00A61593 /* EnvironmentTrackerAppDelegate.h */ = {isa = PBXFileReference; lastKnownFileType = sourcecode.c.h; path = EnvironmentTrackerAppDelegate.h; sourceTree = "<group>"; };
		3F4E2F65164125BD00A61593 /* EnvironmentTrackerAppDelegate.m */ = {isa = PBXFileReference; lastKnownFileType = sourcecode.c.objc; path = EnvironmentTrackerAppDelegate.m; sourceTree = "<group>"; };
		3F4E2F67164125BD00A61593 /* Default.png */ = {isa = PBXFileReference; lastKnownFileType = image.png; path = Default.png; sourceTree = "<group>"; };
		3F4E2F69164125BD00A61593 /* Default@2x.png */ = {isa = PBXFileReference; lastKnownFileType = image.png; path = "Default@2x.png"; sourceTree = "<group>"; };
		3F4E2F6B164125BD00A61593 /* Default-568h@2x.png */ = {isa = PBXFileReference; lastKnownFileType = image.png; path = "Default-568h@2x.png"; sourceTree = "<group>"; };
		3F4E2F6E164125BD00A61593 /* en */ = {isa = PBXFileReference; lastKnownFileType = file.storyboard; name = en; path = en.lproj/MainStoryboard.storyboard; sourceTree = "<group>"; };
		3F56E0D2165CF88400C23C3C /* Observation.h */ = {isa = PBXFileReference; fileEncoding = 4; lastKnownFileType = sourcecode.c.h; path = Observation.h; sourceTree = "<group>"; };
		3F56E0D3165CF88400C23C3C /* Observation.m */ = {isa = PBXFileReference; fileEncoding = 4; lastKnownFileType = sourcecode.c.objc; path = Observation.m; sourceTree = "<group>"; };
		3F8AF9FF165287DE00F693DF /* ResultsViewController.h */ = {isa = PBXFileReference; fileEncoding = 4; lastKnownFileType = sourcecode.c.h; path = ResultsViewController.h; sourceTree = "<group>"; };
		3F8AFA00165287DE00F693DF /* ResultsViewController.m */ = {isa = PBXFileReference; fileEncoding = 4; lastKnownFileType = sourcecode.c.objc; path = ResultsViewController.m; sourceTree = "<group>"; };
		3F933AD316415F4F0077A72B /* AudioViewController.h */ = {isa = PBXFileReference; fileEncoding = 4; lastKnownFileType = sourcecode.c.h; path = AudioViewController.h; sourceTree = "<group>"; };
		3F933AD416415F4F0077A72B /* AudioViewController.m */ = {isa = PBXFileReference; fileEncoding = 4; lastKnownFileType = sourcecode.c.objc; path = AudioViewController.m; sourceTree = "<group>"; };
		3FB3143D164ABAD4003720D2 /* CoreData.framework */ = {isa = PBXFileReference; lastKnownFileType = wrapper.framework; name = CoreData.framework; path = System/Library/Frameworks/CoreData.framework; sourceTree = SDKROOT; };
		3FD6B19316418EAC0065B9CB /* AVFoundation.framework */ = {isa = PBXFileReference; lastKnownFileType = wrapper.framework; name = AVFoundation.framework; path = System/Library/Frameworks/AVFoundation.framework; sourceTree = SDKROOT; };
/* End PBXFileReference section */

/* Begin PBXFrameworksBuildPhase section */
		3F4E2F4E164125BD00A61593 /* Frameworks */ = {
			isa = PBXFrameworksBuildPhase;
			buildActionMask = 2147483647;
			files = (
				3F4E2F56164125BD00A61593 /* UIKit.framework in Frameworks */,
				3F4E2F58164125BD00A61593 /* Foundation.framework in Frameworks */,
				3F4E2F5A164125BD00A61593 /* CoreGraphics.framework in Frameworks */,
				3FD6B19416418EAC0065B9CB /* AVFoundation.framework in Frameworks */,
				3FB3143E164ABAD4003720D2 /* CoreData.framework in Frameworks */,
			);
			runOnlyForDeploymentPostprocessing = 0;
		};
/* End PBXFrameworksBuildPhase section */

/* Begin PBXGroup section */
		3F4E2F46164125BD00A61593 = {
			isa = PBXGroup;
			children = (
				3F4E2F5B164125BD00A61593 /* EnvironmentTracker */,
				3F4E2F54164125BD00A61593 /* Frameworks */,
				3F4E2F52164125BD00A61593 /* Products */,
			);
			sourceTree = "<group>";
		};
		3F4E2F52164125BD00A61593 /* Products */ = {
			isa = PBXGroup;
			children = (
				3F4E2F51164125BD00A61593 /* EnvironmentTracker.app */,
			);
			name = Products;
			sourceTree = "<group>";
		};
		3F4E2F54164125BD00A61593 /* Frameworks */ = {
			isa = PBXGroup;
			children = (
				3FB3143D164ABAD4003720D2 /* CoreData.framework */,
				3FD6B19316418EAC0065B9CB /* AVFoundation.framework */,
				3F4E2F55164125BD00A61593 /* UIKit.framework */,
				3F4E2F57164125BD00A61593 /* Foundation.framework */,
				3F4E2F59164125BD00A61593 /* CoreGraphics.framework */,
			);
			name = Frameworks;
			sourceTree = "<group>";
		};
		3F4E2F5B164125BD00A61593 /* EnvironmentTracker */ = {
			isa = PBXGroup;
			children = (
				3FB31425164AA52B003720D2 /* Core Data */,
				3F4E2F64164125BD00A61593 /* EnvironmentTrackerAppDelegate.h */,
				3F4E2F65164125BD00A61593 /* EnvironmentTrackerAppDelegate.m */,
				3F4E2F6D164125BD00A61593 /* MainStoryboard.storyboard */,
				3F933AD316415F4F0077A72B /* AudioViewController.h */,
				3F933AD416415F4F0077A72B /* AudioViewController.m */,
				3F1E32A2164943FD0070B5F2 /* EnvironmentTrackerModel.h */,
				3F1E32A3164943FD0070B5F2 /* EnvironmentTrackerModel.m */,
				3F28FF15164270D70014C554 /* EnvironmentTrackerDataModel.xcdatamodeld */,
				3F1D9FA91641280600872CC5 /* PhotoViewController.h */,
				3F1D9FAA1641280600872CC5 /* PhotoViewController.m */,
				3F8AF9FF165287DE00F693DF /* ResultsViewController.h */,
				3F8AFA00165287DE00F693DF /* ResultsViewController.m */,
				3F1D9FAB1641280600872CC5 /* MoodViewController.h */,
				3F1D9FAC1641280600872CC5 /* MoodViewController.m */,
				3F1E32AA164950630070B5F2 /* StartViewController.h */,
				3F1E32AB164950630070B5F2 /* StartViewController.m */,
				3F4E2F5C164125BD00A61593 /* Supporting Files */,
			);
			path = EnvironmentTracker;
			sourceTree = "<group>";
		};
		3F4E2F5C164125BD00A61593 /* Supporting Files */ = {
			isa = PBXGroup;
			children = (
				3F4E2F5D164125BD00A61593 /* EnvironmentTracker-Info.plist */,
				3F4E2F5E164125BD00A61593 /* InfoPlist.strings */,
				3F4E2F61164125BD00A61593 /* main.m */,
				3F4E2F63164125BD00A61593 /* EnvironmentTracker-Prefix.pch */,
				3F4E2F67164125BD00A61593 /* Default.png */,
				3F4E2F69164125BD00A61593 /* Default@2x.png */,
				3F4E2F6B164125BD00A61593 /* Default-568h@2x.png */,
			);
			name = "Supporting Files";
			sourceTree = "<group>";
		};
		3FB31425164AA52B003720D2 /* Core Data */ = {
			isa = PBXGroup;
			children = (
				3F56E0D2165CF88400C23C3C /* Observation.h */,
				3F56E0D3165CF88400C23C3C /* Observation.m */,
			);
			name = "Core Data";
			sourceTree = "<group>";
		};
/* End PBXGroup section */

/* Begin PBXNativeTarget section */
		3F4E2F50164125BD00A61593 /* EnvironmentTracker */ = {
			isa = PBXNativeTarget;
			buildConfigurationList = 3F4E2F75164125BD00A61593 /* Build configuration list for PBXNativeTarget "EnvironmentTracker" */;
			buildPhases = (
				3F4E2F4D164125BD00A61593 /* Sources */,
				3F4E2F4E164125BD00A61593 /* Frameworks */,
				3F4E2F4F164125BD00A61593 /* Resources */,
			);
			buildRules = (
			);
			dependencies = (
			);
			name = EnvironmentTracker;
			productName = EnvironmentTracker;
			productReference = 3F4E2F51164125BD00A61593 /* EnvironmentTracker.app */;
			productType = "com.apple.product-type.application";
		};
/* End PBXNativeTarget section */

/* Begin PBXProject section */
		3F4E2F48164125BD00A61593 /* Project object */ = {
			isa = PBXProject;
			attributes = {
				CLASSPREFIX = EnvironmentTracker;
				LastUpgradeCheck = 0450;
				ORGANIZATIONNAME = multimedia;
			};
			buildConfigurationList = 3F4E2F4B164125BD00A61593 /* Build configuration list for PBXProject "EnvironmentTracker" */;
			compatibilityVersion = "Xcode 3.2";
			developmentRegion = English;
			hasScannedForEncodings = 0;
			knownRegions = (
				en,
			);
			mainGroup = 3F4E2F46164125BD00A61593;
			productRefGroup = 3F4E2F52164125BD00A61593 /* Products */;
			projectDirPath = "";
			projectRoot = "";
			targets = (
				3F4E2F50164125BD00A61593 /* EnvironmentTracker */,
			);
		};
/* End PBXProject section */

/* Begin PBXResourcesBuildPhase section */
		3F4E2F4F164125BD00A61593 /* Resources */ = {
			isa = PBXResourcesBuildPhase;
			buildActionMask = 2147483647;
			files = (
				3F4E2F60164125BD00A61593 /* InfoPlist.strings in Resources */,
				3F4E2F68164125BD00A61593 /* Default.png in Resources */,
				3F4E2F6A164125BD00A61593 /* Default@2x.png in Resources */,
				3F4E2F6C164125BD00A61593 /* Default-568h@2x.png in Resources */,
				3F4E2F6F164125BD00A61593 /* MainStoryboard.storyboard in Resources */,
			);
			runOnlyForDeploymentPostprocessing = 0;
		};
/* End PBXResourcesBuildPhase section */

/* Begin PBXSourcesBuildPhase section */
		3F4E2F4D164125BD00A61593 /* Sources */ = {
			isa = PBXSourcesBuildPhase;
			buildActionMask = 2147483647;
			files = (
				3F4E2F62164125BD00A61593 /* main.m in Sources */,
				3F4E2F66164125BD00A61593 /* EnvironmentTrackerAppDelegate.m in Sources */,
				3F1D9FAD1641280600872CC5 /* PhotoViewController.m in Sources */,
				3F1D9FAE1641280600872CC5 /* MoodViewController.m in Sources */,
				3F933AD516415F4F0077A72B /* AudioViewController.m in Sources */,
				3F28FF17164270D70014C554 /* EnvironmentTrackerDataModel.xcdatamodeld in Sources */,
				3F1E32A4164943FD0070B5F2 /* EnvironmentTrackerModel.m in Sources */,
				3F1E32AC164950630070B5F2 /* StartViewController.m in Sources */,
				3F8AFA01165287DE00F693DF /* ResultsViewController.m in Sources */,
				3F56E0D4165CF88400C23C3C /* Observation.m in Sources */,
			);
			runOnlyForDeploymentPostprocessing = 0;
		};
/* End PBXSourcesBuildPhase section */

/* Begin PBXVariantGroup section */
		3F4E2F5E164125BD00A61593 /* InfoPlist.strings */ = {
			isa = PBXVariantGroup;
			children = (
				3F4E2F5F164125BD00A61593 /* en */,
			);
			name = InfoPlist.strings;
			sourceTree = "<group>";
		};
		3F4E2F6D164125BD00A61593 /* MainStoryboard.storyboard */ = {
			isa = PBXVariantGroup;
			children = (
				3F4E2F6E164125BD00A61593 /* en */,
			);
			name = MainStoryboard.storyboard;
			sourceTree = "<group>";
		};
/* End PBXVariantGroup section */

/* Begin XCBuildConfiguration section */
		3F4E2F73164125BD00A61593 /* Debug */ = {
			isa = XCBuildConfiguration;
			buildSettings = {
				ALWAYS_SEARCH_USER_PATHS = NO;
				CLANG_CXX_LANGUAGE_STANDARD = "gnu++0x";
				CLANG_CXX_LIBRARY = "libc++";
				CLANG_ENABLE_OBJC_ARC = YES;
				CLANG_WARN_EMPTY_BODY = YES;
				CLANG_WARN__DUPLICATE_METHOD_MATCH = YES;
				"CODE_SIGN_IDENTITY[sdk=iphoneos*]" = "iPhone Developer";
				COPY_PHASE_STRIP = NO;
				GCC_C_LANGUAGE_STANDARD = gnu99;
				GCC_DYNAMIC_NO_PIC = NO;
				GCC_OPTIMIZATION_LEVEL = 0;
				GCC_PREPROCESSOR_DEFINITIONS = (
					"DEBUG=1",
					"$(inherited)",
				);
				GCC_SYMBOLS_PRIVATE_EXTERN = NO;
				GCC_WARN_ABOUT_RETURN_TYPE = YES;
				GCC_WARN_UNINITIALIZED_AUTOS = YES;
				GCC_WARN_UNUSED_VARIABLE = YES;
				IPHONEOS_DEPLOYMENT_TARGET = 6.0;
				SDKROOT = iphoneos;
			};
			name = Debug;
		};
		3F4E2F74164125BD00A61593 /* Release */ = {
			isa = XCBuildConfiguration;
			buildSettings = {
				ALWAYS_SEARCH_USER_PATHS = NO;
				CLANG_CXX_LANGUAGE_STANDARD = "gnu++0x";
				CLANG_CXX_LIBRARY = "libc++";
				CLANG_ENABLE_OBJC_ARC = YES;
				CLANG_WARN_EMPTY_BODY = YES;
				CLANG_WARN__DUPLICATE_METHOD_MATCH = YES;
				"CODE_SIGN_IDENTITY[sdk=iphoneos*]" = "iPhone Developer";
				COPY_PHASE_STRIP = YES;
				GCC_C_LANGUAGE_STANDARD = gnu99;
				GCC_WARN_ABOUT_RETURN_TYPE = YES;
				GCC_WARN_UNINITIALIZED_AUTOS = YES;
				GCC_WARN_UNUSED_VARIABLE = YES;
				IPHONEOS_DEPLOYMENT_TARGET = 6.0;
				OTHER_CFLAGS = "-DNS_BLOCK_ASSERTIONS=1";
				SDKROOT = iphoneos;
				VALIDATE_PRODUCT = YES;
			};
			name = Release;
		};
		3F4E2F76164125BD00A61593 /* Debug */ = {
			isa = XCBuildConfiguration;
			buildSettings = {
				CLANG_ENABLE_OBJC_ARC = YES;
				FRAMEWORK_SEARCH_PATHS = (
					"$(inherited)",
					"\"$(SRCROOT)\"",
				);
				GCC_PRECOMPILE_PREFIX_HEADER = YES;
				GCC_PREFIX_HEADER = "EnvironmentTracker/EnvironmentTracker-Prefix.pch";
				INFOPLIST_FILE = "EnvironmentTracker/EnvironmentTracker-Info.plist";
				PRODUCT_NAME = "$(TARGET_NAME)";
				WRAPPER_EXTENSION = app;
			};
			name = Debug;
		};
		3F4E2F77164125BD00A61593 /* Release */ = {
			isa = XCBuildConfiguration;
			buildSettings = {
				CLANG_ENABLE_OBJC_ARC = YES;
				FRAMEWORK_SEARCH_PATHS = (
					"$(inherited)",
					"\"$(SRCROOT)\"",
				);
				GCC_PRECOMPILE_PREFIX_HEADER = YES;
				GCC_PREFIX_HEADER = "EnvironmentTracker/EnvironmentTracker-Prefix.pch";
				INFOPLIST_FILE = "EnvironmentTracker/EnvironmentTracker-Info.plist";
				PRODUCT_NAME = "$(TARGET_NAME)";
				WRAPPER_EXTENSION = app;
			};
			name = Release;
		};
/* End XCBuildConfiguration section */

/* Begin XCConfigurationList section */
		3F4E2F4B164125BD00A61593 /* Build configuration list for PBXProject "EnvironmentTracker" */ = {
			isa = XCConfigurationList;
			buildConfigurations = (
				3F4E2F73164125BD00A61593 /* Debug */,
				3F4E2F74164125BD00A61593 /* Release */,
			);
			defaultConfigurationIsVisible = 0;
			defaultConfigurationName = Release;
		};
		3F4E2F75164125BD00A61593 /* Build configuration list for PBXNativeTarget "EnvironmentTracker" */ = {
			isa = XCConfigurationList;
			buildConfigurations = (
				3F4E2F76164125BD00A61593 /* Debug */,
				3F4E2F77164125BD00A61593 /* Release */,
			);
			defaultConfigurationIsVisible = 0;
			defaultConfigurationName = Release;
		};
/* End XCConfigurationList section */

/* Begin XCVersionGroup section */
		3F28FF15164270D70014C554 /* EnvironmentTrackerDataModel.xcdatamodeld */ = {
			isa = XCVersionGroup;
			children = (
				3F28FF16164270D70014C554 /* EnvironmentTrackerDataModel.xcdatamodel */,
			);
			currentVersion = 3F28FF16164270D70014C554 /* EnvironmentTrackerDataModel.xcdatamodel */;
			path = EnvironmentTrackerDataModel.xcdatamodeld;
			sourceTree = "<group>";
			versionGroupType = wrapper.xcdatamodel;
		};
/* End XCVersionGroup section */
	};
	rootObject = 3F4E2F48164125BD00A61593 /* Project object */;
}
